
Microsoft Visual Studio Solution File, Format Version 12.00
# Visual Studio Version 16
VisualStudioVersion = 16.0.31321.278
MinimumVisualStudioVersion = 10.0.40219.1
Project("{FAE04EC0-301F-11D3-BF4B-00C04F79EFBC}") = "Justice.Court.VC", "Justice.Court.VC\Justice.Court.VC.csproj", "{2BCC6FA7-4741-416D-8B8E-DC7EF2F1B9F9}"
EndProject
Global
	GlobalSection(SolutionConfigurationPlatforms) = preSolution
		Debug|Any CPU = Debug|Any CPU
		Release|Any CPU = Release|Any CPU
	EndGlobalSection
	GlobalSection(ProjectConfigurationPlatforms) = postSolution
		{2BCC6FA7-4741-416D-8B8E-DC7EF2F1B9F9}.Debug|Any CPU.ActiveCfg = Debug|Any CPU
		{2BCC6FA7-4741-416D-8B8E-DC7EF2F1B9F9}.Debug|Any CPU.Build.0 = Debug|Any CPU
		{2BCC6FA7-4741-416D-8B8E-DC7EF2F1B9F9}.Release|Any CPU.ActiveCfg = Release|Any CPU
		{2BCC6FA7-4741-416D-8B8E-DC7EF2F1B9F9}.Release|Any CPU.Build.0 = Release|Any CPU
	EndGlobalSection
	GlobalSection(SolutionProperties) = preSolution
		HideSolutionNode = FALSE
	EndGlobalSection
	GlobalSection(ExtensibilityGlobals) = postSolution
		SolutionGuid = {9EBFE4C2-89FF-4C40-8750-FEBB9B352F4D}
	EndGlobalSection
EndGlobal
